// !$*UTF8*$!
{
	archiveVersion = 1;
	classes = {
	};
	objectVersion = 46;
	objects = {

/* Begin PBXBuildFile section */
		25276E54B59328A6B0C1EBD7 /* Pods_TheOMDBAppTests.framework in Frameworks */ = {isa = PBXBuildFile; fileRef = 64102B5195C3DD4EDC1DB3EC /* Pods_TheOMDBAppTests.framework */; settings = {ATTRIBUTES = (Weak, ); }; };
		CE385D3421B5AE82FAAF17CF /* Pods.framework in Frameworks */ = {isa = PBXBuildFile; fileRef = EF3E13B7B5AE26C49D0E2781 /* Pods.framework */; settings = {ATTRIBUTES = (Weak, ); }; };
		F5CB5EE11C8B0B3200DCD72E /* AppDelegate.swift in Sources */ = {isa = PBXBuildFile; fileRef = F5CB5EE01C8B0B3200DCD72E /* AppDelegate.swift */; };
		F5CB5EE31C8B0B3200DCD72E /* ViewController.swift in Sources */ = {isa = PBXBuildFile; fileRef = F5CB5EE21C8B0B3200DCD72E /* ViewController.swift */; };
		F5CB5EE61C8B0B3200DCD72E /* Main.storyboard in Resources */ = {isa = PBXBuildFile; fileRef = F5CB5EE41C8B0B3200DCD72E /* Main.storyboard */; };
		F5CB5EE81C8B0B3200DCD72E /* Assets.xcassets in Resources */ = {isa = PBXBuildFile; fileRef = F5CB5EE71C8B0B3200DCD72E /* Assets.xcassets */; };
		F5CB5EEB1C8B0B3200DCD72E /* LaunchScreen.storyboard in Resources */ = {isa = PBXBuildFile; fileRef = F5CB5EE91C8B0B3200DCD72E /* LaunchScreen.storyboard */; };
		F5CB5EF61C8B0B3200DCD72E /* TheOMDBAppTests.swift in Sources */ = {isa = PBXBuildFile; fileRef = F5CB5EF51C8B0B3200DCD72E /* TheOMDBAppTests.swift */; };
/* End PBXBuildFile section */

/* Begin PBXContainerItemProxy section */
		F5CB5EF21C8B0B3200DCD72E /* PBXContainerItemProxy */ = {
			isa = PBXContainerItemProxy;
			containerPortal = F5CB5ED51C8B0B3200DCD72E /* Project object */;
			proxyType = 1;
			remoteGlobalIDString = F5CB5EDC1C8B0B3200DCD72E;
			remoteInfo = TheOMDBApp;
		};
/* End PBXContainerItemProxy section */

/* Begin PBXFileReference section */
		20F1979F65F4FBEF89E4352E /* Pods-TheOMDBAppTests.debug.xcconfig */ = {isa = PBXFileReference; includeInIndex = 1; lastKnownFileType = text.xcconfig; name = "Pods-TheOMDBAppTests.debug.xcconfig"; path = "Pods/Target Support Files/Pods-TheOMDBAppTests/Pods-TheOMDBAppTests.debug.xcconfig"; sourceTree = "<group>"; };
		5CCEE1F610E8934D0D3D8673 /* Pods.release.xcconfig */ = {isa = PBXFileReference; includeInIndex = 1; lastKnownFileType = text.xcconfig; name = Pods.release.xcconfig; path = "Pods/Target Support Files/Pods/Pods.release.xcconfig"; sourceTree = "<group>"; };
		64102B5195C3DD4EDC1DB3EC /* Pods_TheOMDBAppTests.framework */ = {isa = PBXFileReference; explicitFileType = wrapper.framework; includeInIndex = 0; path = Pods_TheOMDBAppTests.framework; sourceTree = BUILT_PRODUCTS_DIR; };
		82BCAB0A321E4993266097AD /* Pods.debug.xcconfig */ = {isa = PBXFileReference; includeInIndex = 1; lastKnownFileType = text.xcconfig; name = Pods.debug.xcconfig; path = "Pods/Target Support Files/Pods/Pods.debug.xcconfig"; sourceTree = "<group>"; };
		E4231D6BEB7ED2A4A3D3E334 /* Pods-TheOMDBAppTests.release.xcconfig */ = {isa = PBXFileReference; includeInIndex = 1; lastKnownFileType = text.xcconfig; name = "Pods-TheOMDBAppTests.release.xcconfig"; path = "Pods/Target Support Files/Pods-TheOMDBAppTests/Pods-TheOMDBAppTests.release.xcconfig"; sourceTree = "<group>"; };
		EF3E13B7B5AE26C49D0E2781 /* Pods.framework */ = {isa = PBXFileReference; explicitFileType = wrapper.framework; includeInIndex = 0; path = Pods.framework; sourceTree = BUILT_PRODUCTS_DIR; };
		F5CB5EDD1C8B0B3200DCD72E /* TheOMDBApp.app */ = {isa = PBXFileReference; explicitFileType = wrapper.application; includeInIndex = 0; path = TheOMDBApp.app; sourceTree = BUILT_PRODUCTS_DIR; };
		F5CB5EE01C8B0B3200DCD72E /* AppDelegate.swift */ = {isa = PBXFileReference; lastKnownFileType = sourcecode.swift; path = AppDelegate.swift; sourceTree = "<group>"; };
		F5CB5EE21C8B0B3200DCD72E /* ViewController.swift */ = {isa = PBXFileReference; lastKnownFileType = sourcecode.swift; path = ViewController.swift; sourceTree = "<group>"; };
		F5CB5EE51C8B0B3200DCD72E /* Base */ = {isa = PBXFileReference; lastKnownFileType = file.storyboard; name = Base; path = Base.lproj/Main.storyboard; sourceTree = "<group>"; };
		F5CB5EE71C8B0B3200DCD72E /* Assets.xcassets */ = {isa = PBXFileReference; lastKnownFileType = folder.assetcatalog; path = Assets.xcassets; sourceTree = "<group>"; };
		F5CB5EEA1C8B0B3200DCD72E /* Base */ = {isa = PBXFileReference; lastKnownFileType = file.storyboard; name = Base; path = Base.lproj/LaunchScreen.storyboard; sourceTree = "<group>"; };
		F5CB5EEC1C8B0B3200DCD72E /* Info.plist */ = {isa = PBXFileReference; lastKnownFileType = text.plist.xml; path = Info.plist; sourceTree = "<group>"; };
		F5CB5EF11C8B0B3200DCD72E /* TheOMDBAppTests.xctest */ = {isa = PBXFileReference; explicitFileType = wrapper.cfbundle; includeInIndex = 0; path = TheOMDBAppTests.xctest; sourceTree = BUILT_PRODUCTS_DIR; };
		F5CB5EF51C8B0B3200DCD72E /* TheOMDBAppTests.swift */ = {isa = PBXFileReference; lastKnownFileType = sourcecode.swift; path = TheOMDBAppTests.swift; sourceTree = "<group>"; };
		F5CB5EF71C8B0B3200DCD72E /* Info.plist */ = {isa = PBXFileReference; lastKnownFileType = text.plist.xml; path = Info.plist; sourceTree = "<group>"; };
/* End PBXFileReference section */

/* Begin PBXFrameworksBuildPhase section */
		F5CB5EDA1C8B0B3200DCD72E /* Frameworks */ = {
			isa = PBXFrameworksBuildPhase;
			buildActionMask = 2147483647;
			files = (
				CE385D3421B5AE82FAAF17CF /* Pods.framework in Frameworks */,
			);
			runOnlyForDeploymentPostprocessing = 0;
		};
		F5CB5EEE1C8B0B3200DCD72E /* Frameworks */ = {
			isa = PBXFrameworksBuildPhase;
			buildActionMask = 2147483647;
			files = (
				25276E54B59328A6B0C1EBD7 /* Pods_TheOMDBAppTests.framework in Frameworks */,
			);
			runOnlyForDeploymentPostprocessing = 0;
		};
/* End PBXFrameworksBuildPhase section */

/* Begin PBXGroup section */
		07A6CCA8F9CEF442D786AB37 /* Pods */ = {
			isa = PBXGroup;
			children = (
				82BCAB0A321E4993266097AD /* Pods.debug.xcconfig */,
				5CCEE1F610E8934D0D3D8673 /* Pods.release.xcconfig */,
				20F1979F65F4FBEF89E4352E /* Pods-TheOMDBAppTests.debug.xcconfig */,
				E4231D6BEB7ED2A4A3D3E334 /* Pods-TheOMDBAppTests.release.xcconfig */,
			);
			name = Pods;
			sourceTree = "<group>";
		};
		A880E4D467A421E5738CB468 /* Frameworks */ = {
			isa = PBXGroup;
			children = (
				EF3E13B7B5AE26C49D0E2781 /* Pods.framework */,
				64102B5195C3DD4EDC1DB3EC /* Pods_TheOMDBAppTests.framework */,
			);
			name = Frameworks;
			sourceTree = "<group>";
		};
		F5CB5ED41C8B0B3200DCD72E = {
			isa = PBXGroup;
			children = (
				F5CB5EDF1C8B0B3200DCD72E /* TheOMDBApp */,
				F5CB5EF41C8B0B3200DCD72E /* TheOMDBAppTests */,
				F5CB5EDE1C8B0B3200DCD72E /* Products */,
				07A6CCA8F9CEF442D786AB37 /* Pods */,
				A880E4D467A421E5738CB468 /* Frameworks */,
			);
			sourceTree = "<group>";
		};
		F5CB5EDE1C8B0B3200DCD72E /* Products */ = {
			isa = PBXGroup;
			children = (
				F5CB5EDD1C8B0B3200DCD72E /* TheOMDBApp.app */,
				F5CB5EF11C8B0B3200DCD72E /* TheOMDBAppTests.xctest */,
			);
			name = Products;
			sourceTree = "<group>";
		};
		F5CB5EDF1C8B0B3200DCD72E /* TheOMDBApp */ = {
			isa = PBXGroup;
			children = (
				F5CB5EE01C8B0B3200DCD72E /* AppDelegate.swift */,
				F5CB5EE21C8B0B3200DCD72E /* ViewController.swift */,
				F5CB5EE41C8B0B3200DCD72E /* Main.storyboard */,
				F5CB5EE71C8B0B3200DCD72E /* Assets.xcassets */,
				F5CB5EE91C8B0B3200DCD72E /* LaunchScreen.storyboard */,
				F5CB5EEC1C8B0B3200DCD72E /* Info.plist */,
			);
			path = TheOMDBApp;
			sourceTree = "<group>";
		};
		F5CB5EF41C8B0B3200DCD72E /* TheOMDBAppTests */ = {
			isa = PBXGroup;
			children = (
				F5CB5EF51C8B0B3200DCD72E /* TheOMDBAppTests.swift */,
				F5CB5EF71C8B0B3200DCD72E /* Info.plist */,
			);
			path = TheOMDBAppTests;
			sourceTree = "<group>";
		};
/* End PBXGroup section */

/* Begin PBXNativeTarget section */
		F5CB5EDC1C8B0B3200DCD72E /* TheOMDBApp */ = {
			isa = PBXNativeTarget;
			buildConfigurationList = F5CB5EFA1C8B0B3200DCD72E /* Build configuration list for PBXNativeTarget "TheOMDBApp" */;
			buildPhases = (
				C66592810998ACF04373D2C4 /* Check Pods Manifest.lock */,
				F5CB5ED91C8B0B3200DCD72E /* Sources */,
				F5CB5EDA1C8B0B3200DCD72E /* Frameworks */,
				F5CB5EDB1C8B0B3200DCD72E /* Resources */,
				53D48090148E2136B6A234AA /* Embed Pods Frameworks */,
				1911B1674570450F2E114C27 /* Copy Pods Resources */,
			);
			buildRules = (
			);
			dependencies = (
			);
			name = TheOMDBApp;
			productName = TheOMDBApp;
			productReference = F5CB5EDD1C8B0B3200DCD72E /* TheOMDBApp.app */;
			productType = "com.apple.product-type.application";
		};
		F5CB5EF01C8B0B3200DCD72E /* TheOMDBAppTests */ = {
			isa = PBXNativeTarget;
			buildConfigurationList = F5CB5EFD1C8B0B3200DCD72E /* Build configuration list for PBXNativeTarget "TheOMDBAppTests" */;
			buildPhases = (
				C847B60399BEF76E03E953C7 /* Check Pods Manifest.lock */,
				F5CB5EED1C8B0B3200DCD72E /* Sources */,
				F5CB5EEE1C8B0B3200DCD72E /* Frameworks */,
				F5CB5EEF1C8B0B3200DCD72E /* Resources */,
				137E4781D3F90C24C3B5D0E9 /* Embed Pods Frameworks */,
				BFE9D759B21F5D3C19C8F6FA /* Copy Pods Resources */,
			);
			buildRules = (
			);
			dependencies = (
				F5CB5EF31C8B0B3200DCD72E /* PBXTargetDependency */,
			);
			name = TheOMDBAppTests;
			productName = TheOMDBAppTests;
			productReference = F5CB5EF11C8B0B3200DCD72E /* TheOMDBAppTests.xctest */;
			productType = "com.apple.product-type.bundle.unit-test";
		};
/* End PBXNativeTarget section */

/* Begin PBXProject section */
		F5CB5ED51C8B0B3200DCD72E /* Project object */ = {
			isa = PBXProject;
			attributes = {
				LastSwiftUpdateCheck = 0720;
				LastUpgradeCheck = 0720;
				ORGANIZATIONNAME = "Pedro Cid";
				TargetAttributes = {
					F5CB5EDC1C8B0B3200DCD72E = {
						CreatedOnToolsVersion = 7.2.1;
					};
					F5CB5EF01C8B0B3200DCD72E = {
						CreatedOnToolsVersion = 7.2.1;
						TestTargetID = F5CB5EDC1C8B0B3200DCD72E;
					};
				};
			};
			buildConfigurationList = F5CB5ED81C8B0B3200DCD72E /* Build configuration list for PBXProject "TheOMDBApp" */;
			compatibilityVersion = "Xcode 3.2";
			developmentRegion = English;
			hasScannedForEncodings = 0;
			knownRegions = (
				en,
				Base,
			);
			mainGroup = F5CB5ED41C8B0B3200DCD72E;
			productRefGroup = F5CB5EDE1C8B0B3200DCD72E /* Products */;
			projectDirPath = "";
			projectRoot = "";
			targets = (
				F5CB5EDC1C8B0B3200DCD72E /* TheOMDBApp */,
				F5CB5EF01C8B0B3200DCD72E /* TheOMDBAppTests */,
			);
		};
/* End PBXProject section */

/* Begin PBXResourcesBuildPhase section */
		F5CB5EDB1C8B0B3200DCD72E /* Resources */ = {
			isa = PBXResourcesBuildPhase;
			buildActionMask = 2147483647;
			files = (
				F5CB5EEB1C8B0B3200DCD72E /* LaunchScreen.storyboard in Resources */,
				F5CB5EE81C8B0B3200DCD72E /* Assets.xcassets in Resources */,
				F5CB5EE61C8B0B3200DCD72E /* Main.storyboard in Resources */,
			);
			runOnlyForDeploymentPostprocessing = 0;
		};
		F5CB5EEF1C8B0B3200DCD72E /* Resources */ = {
			isa = PBXResourcesBuildPhase;
			buildActionMask = 2147483647;
			files = (
			);
			runOnlyForDeploymentPostprocessing = 0;
		};
/* End PBXResourcesBuildPhase section */

/* Begin PBXShellScriptBuildPhase section */
		137E4781D3F90C24C3B5D0E9 /* Embed Pods Frameworks */ = {
			isa = PBXShellScriptBuildPhase;
			buildActionMask = 2147483647;
			files = (
			);
			inputPaths = (
			);
			name = "Embed Pods Frameworks";
			outputPaths = (
			);
			runOnlyForDeploymentPostprocessing = 0;
			shellPath = /bin/sh;
			shellScript = "\"${SRCROOT}/Pods/Target Support Files/Pods-TheOMDBAppTests/Pods-TheOMDBAppTests-frameworks.sh\"\n";
			showEnvVarsInLog = 0;
		};
		1911B1674570450F2E114C27 /* Copy Pods Resources */ = {
			isa = PBXShellScriptBuildPhase;
			buildActionMask = 2147483647;
			files = (
			);
			inputPaths = (
			);
			name = "Copy Pods Resources";
			outputPaths = (
			);
			runOnlyForDeploymentPostprocessing = 0;
			shellPath = /bin/sh;
			shellScript = "\"${SRCROOT}/Pods/Target Support Files/Pods/Pods-resources.sh\"\n";
			showEnvVarsInLog = 0;
		};
		53D48090148E2136B6A234AA /* Embed Pods Frameworks */ = {
			isa = PBXShellScriptBuildPhase;
			buildActionMask = 2147483647;
			files = (
			);
			inputPaths = (
			);
			name = "Embed Pods Frameworks";
			outputPaths = (
			);
			runOnlyForDeploymentPostprocessing = 0;
			shellPath = /bin/sh;
			shellScript = "\"${SRCROOT}/Pods/Target Support Files/Pods/Pods-frameworks.sh\"\n";
			showEnvVarsInLog = 0;
		};
		BFE9D759B21F5D3C19C8F6FA /* Copy Pods Resources */ = {
			isa = PBXShellScriptBuildPhase;
			buildActionMask = 2147483647;
			files = (
			);
			inputPaths = (
			);
			name = "Copy Pods Resources";
			outputPaths = (
			);
			runOnlyForDeploymentPostprocessing = 0;
			shellPath = /bin/sh;
			shellScript = "\"${SRCROOT}/Pods/Target Support Files/Pods-TheOMDBAppTests/Pods-TheOMDBAppTests-resources.sh\"\n";
			showEnvVarsInLog = 0;
		};
		C66592810998ACF04373D2C4 /* Check Pods Manifest.lock */ = {
			isa = PBXShellScriptBuildPhase;
			buildActionMask = 2147483647;
			files = (
			);
			inputPaths = (
			);
			name = "Check Pods Manifest.lock";
			outputPaths = (
			);
			runOnlyForDeploymentPostprocessing = 0;
			shellPath = /bin/sh;
			shellScript = "diff \"${PODS_ROOT}/../Podfile.lock\" \"${PODS_ROOT}/Manifest.lock\" > /dev/null\nif [[ $? != 0 ]] ; then\n    cat << EOM\nerror: The sandbox is not in sync with the Podfile.lock. Run 'pod install' or update your CocoaPods installation.\nEOM\n    exit 1\nfi\n";
			showEnvVarsInLog = 0;
		};
		C847B60399BEF76E03E953C7 /* Check Pods Manifest.lock */ = {
			isa = PBXShellScriptBuildPhase;
			buildActionMask = 2147483647;
			files = (
			);
			inputPaths = (
			);
			name = "Check Pods Manifest.lock";
			outputPaths = (
			);
			runOnlyForDeploymentPostprocessing = 0;
			shellPath = /bin/sh;
			shellScript = "diff \"${PODS_ROOT}/../Podfile.lock\" \"${PODS_ROOT}/Manifest.lock\" > /dev/null\nif [[ $? != 0 ]] ; then\n    cat << EOM\nerror: The sandbox is not in sync with the Podfile.lock. Run 'pod install' or update your CocoaPods installation.\nEOM\n    exit 1\nfi\n";
			showEnvVarsInLog = 0;
		};
/* End PBXShellScriptBuildPhase section */

/* Begin PBXSourcesBuildPhase section */
		F5CB5ED91C8B0B3200DCD72E /* Sources */ = {
			isa = PBXSourcesBuildPhase;
			buildActionMask = 2147483647;
			files = (
				F5CB5EE31C8B0B3200DCD72E /* ViewController.swift in Sources */,
				F5CB5EE11C8B0B3200DCD72E /* AppDelegate.swift in Sources */,
			);
			runOnlyForDeploymentPostprocessing = 0;
		};
		F5CB5EED1C8B0B3200DCD72E /* Sources */ = {
			isa = PBXSourcesBuildPhase;
			buildActionMask = 2147483647;
			files = (
				F5CB5EF61C8B0B3200DCD72E /* TheOMDBAppTests.swift in Sources */,
			);
			runOnlyForDeploymentPostprocessing = 0;
		};
/* End PBXSourcesBuildPhase section */

/* Begin PBXTargetDependency section */
		F5CB5EF31C8B0B3200DCD72E /* PBXTargetDependency */ = {
			isa = PBXTargetDependency;
			target = F5CB5EDC1C8B0B3200DCD72E /* TheOMDBApp */;
			targetProxy = F5CB5EF21C8B0B3200DCD72E /* PBXContainerItemProxy */;
		};
/* End PBXTargetDependency section */

/* Begin PBXVariantGroup section */
		F5CB5EE41C8B0B3200DCD72E /* Main.storyboard */ = {
			isa = PBXVariantGroup;
			children = (
				F5CB5EE51C8B0B3200DCD72E /* Base */,
			);
			name = Main.storyboard;
			sourceTree = "<group>";
		};
		F5CB5EE91C8B0B3200DCD72E /* LaunchScreen.storyboard */ = {
			isa = PBXVariantGroup;
			children = (
				F5CB5EEA1C8B0B3200DCD72E /* Base */,
			);
			name = LaunchScreen.storyboard;
			sourceTree = "<group>";
		};
/* End PBXVariantGroup section */

/* Begin XCBuildConfiguration section */
		F5CB5EF81C8B0B3200DCD72E /* Debug */ = {
			isa = XCBuildConfiguration;
			buildSettings = {
				ALWAYS_SEARCH_USER_PATHS = NO;
				CLANG_CXX_LANGUAGE_STANDARD = "gnu++0x";
				CLANG_CXX_LIBRARY = "libc++";
				CLANG_ENABLE_MODULES = YES;
				CLANG_ENABLE_OBJC_ARC = YES;
				CLANG_WARN_BOOL_CONVERSION = YES;
				CLANG_WARN_CONSTANT_CONVERSION = YES;
				CLANG_WARN_DIRECT_OBJC_ISA_USAGE = YES_ERROR;
				CLANG_WARN_EMPTY_BODY = YES;
				CLANG_WARN_ENUM_CONVERSION = YES;
				CLANG_WARN_INT_CONVERSION = YES;
				CLANG_WARN_OBJC_ROOT_CLASS = YES_ERROR;
				CLANG_WARN_UNREACHABLE_CODE = YES;
				CLANG_WARN__DUPLICATE_METHOD_MATCH = YES;
				"CODE_SIGN_IDENTITY[sdk=iphoneos*]" = "iPhone Developer";
				COPY_PHASE_STRIP = NO;
				DEBUG_INFORMATION_FORMAT = dwarf;
				ENABLE_STRICT_OBJC_MSGSEND = YES;
				ENABLE_TESTABILITY = YES;
				GCC_C_LANGUAGE_STANDARD = gnu99;
				GCC_DYNAMIC_NO_PIC = NO;
				GCC_NO_COMMON_BLOCKS = YES;
				GCC_OPTIMIZATION_LEVEL = 0;
				GCC_PREPROCESSOR_DEFINITIONS = (
					"DEBUG=1",
					"$(inherited)",
				);
				GCC_WARN_64_TO_32_BIT_CONVERSION = YES;
				GCC_WARN_ABOUT_RETURN_TYPE = YES_ERROR;
				GCC_WARN_UNDECLARED_SELECTOR = YES;
				GCC_WARN_UNINITIALIZED_AUTOS = YES_AGGRESSIVE;
				GCC_WARN_UNUSED_FUNCTION = YES;
				GCC_WARN_UNUSED_VARIABLE = YES;
				IPHONEOS_DEPLOYMENT_TARGET = 9.2;
				MTL_ENABLE_DEBUG_INFO = YES;
				ONLY_ACTIVE_ARCH = YES;
				SDKROOT = iphoneos;
				SWIFT_OPTIMIZATION_LEVEL = "-Onone";
			};
			name = Debug;
		};
		F5CB5EF91C8B0B3200DCD72E /* Release */ = {
			isa = XCBuildConfiguration;
			buildSettings = {
				ALWAYS_SEARCH_USER_PATHS = NO;
				CLANG_CXX_LANGUAGE_STANDARD = "gnu++0x";
				CLANG_CXX_LIBRARY = "libc++";
				CLANG_ENABLE_MODULES = YES;
				CLANG_ENABLE_OBJC_ARC = YES;
				CLANG_WARN_BOOL_CONVERSION = YES;
				CLANG_WARN_CONSTANT_CONVERSION = YES;
				CLANG_WARN_DIRECT_OBJC_ISA_USAGE = YES_ERROR;
				CLANG_WARN_EMPTY_BODY = YES;
				CLANG_WARN_ENUM_CONVERSION = YES;
				CLANG_WARN_INT_CONVERSION = YES;
				CLANG_WARN_OBJC_ROOT_CLASS = YES_ERROR;
				CLANG_WARN_UNREACHABLE_CODE = YES;
				CLANG_WARN__DUPLICATE_METHOD_MATCH = YES;
				"CODE_SIGN_IDENTITY[sdk=iphoneos*]" = "iPhone Developer";
				COPY_PHASE_STRIP = NO;
				DEBUG_INFORMATION_FORMAT = "dwarf-with-dsym";
				ENABLE_NS_ASSERTIONS = NO;
				ENABLE_STRICT_OBJC_MSGSEND = YES;
				GCC_C_LANGUAGE_STANDARD = gnu99;
				GCC_NO_COMMON_BLOCKS = YES;
				GCC_WARN_64_TO_32_BIT_CONVERSION = YES;
				GCC_WARN_ABOUT_RETURN_TYPE = YES_ERROR;
				GCC_WARN_UNDECLARED_SELECTOR = YES;
				GCC_WARN_UNINITIALIZED_AUTOS = YES_AGGRESSIVE;
				GCC_WARN_UNUSED_FUNCTION = YES;
				GCC_WARN_UNUSED_VARIABLE = YES;
				IPHONEOS_DEPLOYMENT_TARGET = 9.2;
				MTL_ENABLE_DEBUG_INFO = NO;
				SDKROOT = iphoneos;
				VALIDATE_PRODUCT = YES;
			};
			name = Release;
		};
		F5CB5EFB1C8B0B3200DCD72E /* Debug */ = {
			isa = XCBuildConfiguration;
			baseConfigurationReference = 82BCAB0A321E4993266097AD /* Pods.debug.xcconfig */;
			buildSettings = {
				ASSETCATALOG_COMPILER_APPICON_NAME = AppIcon;
				INFOPLIST_FILE = TheOMDBApp/Info.plist;
				LD_RUNPATH_SEARCH_PATHS = "$(inherited) @executable_path/Frameworks";
				PRODUCT_BUNDLE_IDENTIFIER = com.pedrocid.TheOMDBApp;
				PRODUCT_NAME = "$(TARGET_NAME)";
			};
			name = Debug;
		};
		F5CB5EFC1C8B0B3200DCD72E /* Release */ = {
			isa = XCBuildConfiguration;
			baseConfigurationReference = 5CCEE1F610E8934D0D3D8673 /* Pods.release.xcconfig */;
			buildSettings = {
				ASSETCATALOG_COMPILER_APPICON_NAME = AppIcon;
				INFOPLIST_FILE = TheOMDBApp/Info.plist;
				LD_RUNPATH_SEARCH_PATHS = "$(inherited) @executable_path/Frameworks";
				PRODUCT_BUNDLE_IDENTIFIER = com.pedrocid.TheOMDBApp;
				PRODUCT_NAME = "$(TARGET_NAME)";
			};
			name = Release;
		};
		F5CB5EFE1C8B0B3200DCD72E /* Debug */ = {
			isa = XCBuildConfiguration;
			baseConfigurationReference = 20F1979F65F4FBEF89E4352E /* Pods-TheOMDBAppTests.debug.xcconfig */;
			buildSettings = {
				BUNDLE_LOADER = "$(TEST_HOST)";
				INFOPLIST_FILE = TheOMDBAppTests/Info.plist;
				LD_RUNPATH_SEARCH_PATHS = "$(inherited) @executable_path/Frameworks @loader_path/Frameworks";
				PRODUCT_BUNDLE_IDENTIFIER = com.pedrocid.TheOMDBAppTests;
				PRODUCT_NAME = "$(TARGET_NAME)";
				TEST_HOST = "$(BUILT_PRODUCTS_DIR)/TheOMDBApp.app/TheOMDBApp";
			};
			name = Debug;
		};
		F5CB5EFF1C8B0B3200DCD72E /* Release */ = {
			isa = XCBuildConfiguration;
			baseConfigurationReference = E4231D6BEB7ED2A4A3D3E334 /* Pods-TheOMDBAppTests.release.xcconfig */;
			buildSettings = {
				BUNDLE_LOADER = "$(TEST_HOST)";
				INFOPLIST_FILE = TheOMDBAppTests/Info.plist;
				LD_RUNPATH_SEARCH_PATHS = "$(inherited) @executable_path/Frameworks @loader_path/Frameworks";
				PRODUCT_BUNDLE_IDENTIFIER = com.pedrocid.TheOMDBAppTests;
				PRODUCT_NAME = "$(TARGET_NAME)";
				TEST_HOST = "$(BUILT_PRODUCTS_DIR)/TheOMDBApp.app/TheOMDBApp";
			};
			name = Release;
		};
/* End XCBuildConfiguration section */

/* Begin XCConfigurationList section */
		F5CB5ED81C8B0B3200DCD72E /* Build configuration list for PBXProject "TheOMDBApp" */ = {
			isa = XCConfigurationList;
			buildConfigurations = (
				F5CB5EF81C8B0B3200DCD72E /* Debug */,
				F5CB5EF91C8B0B3200DCD72E /* Release */,
			);
			defaultConfigurationIsVisible = 0;
			defaultConfigurationName = Release;
		};
		F5CB5EFA1C8B0B3200DCD72E /* Build configuration list for PBXNativeTarget "TheOMDBApp" */ = {
			isa = XCConfigurationList;
			buildConfigurations = (
				F5CB5EFB1C8B0B3200DCD72E /* Debug */,
				F5CB5EFC1C8B0B3200DCD72E /* Release */,
			);
			defaultConfigurationIsVisible = 0;
			defaultConfigurationName = Release;
		};
		F5CB5EFD1C8B0B3200DCD72E /* Build configuration list for PBXNativeTarget "TheOMDBAppTests" */ = {
			isa = XCConfigurationList;
			buildConfigurations = (
				F5CB5EFE1C8B0B3200DCD72E /* Debug */,
				F5CB5EFF1C8B0B3200DCD72E /* Release */,
			);
			defaultConfigurationIsVisible = 0;
			defaultConfigurationName = Release;
		};
/* End XCConfigurationList section */
	};
	rootObject = F5CB5ED51C8B0B3200DCD72E /* Project object */;
}
